// !$*UTF8*$!
{
	archiveVersion = 1;
	classes = {
	};
	objectVersion = 46;
	objects = {

/* Begin PBXBuildFile section */
		84CAD9F41F19248E00BA89A0 /* AppDelegate.swift in Sources */ = {isa = PBXBuildFile; fileRef = 84CAD9F31F19248E00BA89A0 /* AppDelegate.swift */; };
		84CAD9F61F19248E00BA89A0 /* ViewController.swift in Sources */ = {isa = PBXBuildFile; fileRef = 84CAD9F51F19248E00BA89A0 /* ViewController.swift */; };
		84CAD9F91F19248F00BA89A0 /* Main.storyboard in Resources */ = {isa = PBXBuildFile; fileRef = 84CAD9F71F19248F00BA89A0 /* Main.storyboard */; };
		84CAD9FC1F19248F00BA89A0 /* Metra.xcdatamodeld in Sources */ = {isa = PBXBuildFile; fileRef = 84CAD9FA1F19248F00BA89A0 /* Metra.xcdatamodeld */; };
		84CAD9FE1F19248F00BA89A0 /* Assets.xcassets in Resources */ = {isa = PBXBuildFile; fileRef = 84CAD9FD1F19248F00BA89A0 /* Assets.xcassets */; };
		84CADA011F19248F00BA89A0 /* LaunchScreen.storyboard in Resources */ = {isa = PBXBuildFile; fileRef = 84CAD9FF1F19248F00BA89A0 /* LaunchScreen.storyboard */; };
/* End PBXBuildFile section */

/* Begin PBXFileReference section */
		84CAD9F01F19248E00BA89A0 /* Metra.app */ = {isa = PBXFileReference; explicitFileType = wrapper.application; includeInIndex = 0; path = Metra.app; sourceTree = BUILT_PRODUCTS_DIR; };
		84CAD9F31F19248E00BA89A0 /* AppDelegate.swift */ = {isa = PBXFileReference; lastKnownFileType = sourcecode.swift; path = AppDelegate.swift; sourceTree = "<group>"; };
		84CAD9F51F19248E00BA89A0 /* ViewController.swift */ = {isa = PBXFileReference; lastKnownFileType = sourcecode.swift; path = ViewController.swift; sourceTree = "<group>"; };
		84CAD9F81F19248F00BA89A0 /* Base */ = {isa = PBXFileReference; lastKnownFileType = file.storyboard; name = Base; path = Base.lproj/Main.storyboard; sourceTree = "<group>"; };
		84CAD9FB1F19248F00BA89A0 /* Metra.xcdatamodel */ = {isa = PBXFileReference; lastKnownFileType = wrapper.xcdatamodel; path = Metra.xcdatamodel; sourceTree = "<group>"; };
		84CAD9FD1F19248F00BA89A0 /* Assets.xcassets */ = {isa = PBXFileReference; lastKnownFileType = folder.assetcatalog; path = Assets.xcassets; sourceTree = "<group>"; };
		84CADA001F19248F00BA89A0 /* Base */ = {isa = PBXFileReference; lastKnownFileType = file.storyboard; name = Base; path = Base.lproj/LaunchScreen.storyboard; sourceTree = "<group>"; };
		84CADA021F19248F00BA89A0 /* Info.plist */ = {isa = PBXFileReference; lastKnownFileType = text.plist.xml; path = Info.plist; sourceTree = "<group>"; };
/* End PBXFileReference section */

/* Begin PBXFrameworksBuildPhase section */
		84CAD9ED1F19248E00BA89A0 /* Frameworks */ = {
			isa = PBXFrameworksBuildPhase;
			buildActionMask = 2147483647;
			files = (
			);
			runOnlyForDeploymentPostprocessing = 0;
		};
/* End PBXFrameworksBuildPhase section */

/* Begin PBXGroup section */
		84CAD9E71F19248E00BA89A0 = {
			isa = PBXGroup;
			children = (
				84CAD9F21F19248E00BA89A0 /* Metra */,
				84CAD9F11F19248E00BA89A0 /* Products */,
			);
			sourceTree = "<group>";
		};
		84CAD9F11F19248E00BA89A0 /* Products */ = {
			isa = PBXGroup;
			children = (
				84CAD9F01F19248E00BA89A0 /* Metra.app */,
			);
			name = Products;
			sourceTree = "<group>";
		};
		84CAD9F21F19248E00BA89A0 /* Metra */ = {
			isa = PBXGroup;
			children = (
				84CAD9F31F19248E00BA89A0 /* AppDelegate.swift */,
				84CAD9F51F19248E00BA89A0 /* ViewController.swift */,
				84CAD9F71F19248F00BA89A0 /* Main.storyboard */,
				84CAD9FD1F19248F00BA89A0 /* Assets.xcassets */,
				84CAD9FF1F19248F00BA89A0 /* LaunchScreen.storyboard */,
				84CADA021F19248F00BA89A0 /* Info.plist */,
				84CAD9FA1F19248F00BA89A0 /* Metra.xcdatamodeld */,
			);
			path = Metra;
			sourceTree = "<group>";
		};
/* End PBXGroup section */

/* Begin PBXNativeTarget section */
		84CAD9EF1F19248E00BA89A0 /* Metra */ = {
			isa = PBXNativeTarget;
			buildConfigurationList = 84CADA051F19248F00BA89A0 /* Build configuration list for PBXNativeTarget "Metra" */;
			buildPhases = (
				84CAD9EC1F19248E00BA89A0 /* Sources */,
				84CAD9ED1F19248E00BA89A0 /* Frameworks */,
				84CAD9EE1F19248E00BA89A0 /* Resources */,
			);
			buildRules = (
			);
			dependencies = (
			);
			name = Metra;
			productName = Metra;
			productReference = 84CAD9F01F19248E00BA89A0 /* Metra.app */;
			productType = "com.apple.product-type.application";
		};
/* End PBXNativeTarget section */

/* Begin PBXProject section */
		84CAD9E81F19248E00BA89A0 /* Project object */ = {
			isa = PBXProject;
			attributes = {
				LastSwiftUpdateCheck = 0800;
				LastUpgradeCheck = 0800;
				ORGANIZATIONNAME = Admin;
				TargetAttributes = {
					84CAD9EF1F19248E00BA89A0 = {
						CreatedOnToolsVersion = 8.0;
						DevelopmentTeam = H9Q86RXE6W;
						ProvisioningStyle = Automatic;
					};
				};
			};
			buildConfigurationList = 84CAD9EB1F19248E00BA89A0 /* Build configuration list for PBXProject "Metra" */;
			compatibilityVersion = "Xcode 3.2";
			developmentRegion = English;
			hasScannedForEncodings = 0;
			knownRegions = (
				en,
				Base,
			);
			mainGroup = 84CAD9E71F19248E00BA89A0;
			productRefGroup = 84CAD9F11F19248E00BA89A0 /* Products */;
			projectDirPath = "";
			projectRoot = "";
			targets = (
				84CAD9EF1F19248E00BA89A0 /* Metra */,
			);
		};
/* End PBXProject section */

/* Begin PBXResourcesBuildPhase section */
		84CAD9EE1F19248E00BA89A0 /* Resources */ = {
			isa = PBXResourcesBuildPhase;
			buildActionMask = 2147483647;
			files = (
				84CADA011F19248F00BA89A0 /* LaunchScreen.storyboard in Resources */,
				84CAD9FE1F19248F00BA89A0 /* Assets.xcassets in Resources */,
				84CAD9F91F19248F00BA89A0 /* Main.storyboard in Resources */,
			);
			runOnlyForDeploymentPostprocessing = 0;
		};
/* End PBXResourcesBuildPhase section */

/* Begin PBXSourcesBuildPhase section */
		84CAD9EC1F19248E00BA89A0 /* Sources */ = {
			isa = PBXSourcesBuildPhase;
			buildActionMask = 2147483647;
			files = (
				84CAD9FC1F19248F00BA89A0 /* Metra.xcdatamodeld in Sources */,
				84CAD9F61F19248E00BA89A0 /* ViewController.swift in Sources */,
				84CAD9F41F19248E00BA89A0 /* AppDelegate.swift in Sources */,
			);
			runOnlyForDeploymentPostprocessing = 0;
		};
/* End PBXSourcesBuildPhase section */

/* Begin PBXVariantGroup section */
		84CAD9F71F19248F00BA89A0 /* Main.storyboard */ = {
			isa = PBXVariantGroup;
			children = (
				84CAD9F81F19248F00BA89A0 /* Base */,
			);
			name = Main.storyboard;
			sourceTree = "<group>";
		};
		84CAD9FF1F19248F00BA89A0 /* LaunchScreen.storyboard */ = {
			isa = PBXVariantGroup;
			children = (
				84CADA001F19248F00BA89A0 /* Base */,
			);
			name = LaunchScreen.storyboard;
			sourceTree = "<group>";
		};
/* End PBXVariantGroup section */

/* Begin XCBuildConfiguration section */
		84CADA031F19248F00BA89A0 /* Debug */ = {
			isa = XCBuildConfiguration;
			buildSettings = {
				ALWAYS_SEARCH_USER_PATHS = NO;
				CLANG_ANALYZER_NONNULL = YES;
				CLANG_CXX_LANGUAGE_STANDARD = "gnu++0x";
				CLANG_CXX_LIBRARY = "libc++";
				CLANG_ENABLE_MODULES = YES;
				CLANG_ENABLE_OBJC_ARC = YES;
				CLANG_WARN_BOOL_CONVERSION = YES;
				CLANG_WARN_CONSTANT_CONVERSION = YES;
				CLANG_WARN_DIRECT_OBJC_ISA_USAGE = YES_ERROR;
				CLANG_WARN_DOCUMENTATION_COMMENTS = YES;
				CLANG_WARN_EMPTY_BODY = YES;
				CLANG_WARN_ENUM_CONVERSION = YES;
				CLANG_WARN_INFINITE_RECURSION = YES;
				CLANG_WARN_INT_CONVERSION = YES;
				CLANG_WARN_OBJC_ROOT_CLASS = YES_ERROR;
				CLANG_WARN_SUSPICIOUS_MOVES = YES;
				CLANG_WARN_UNREACHABLE_CODE = YES;
				CLANG_WARN__DUPLICATE_METHOD_MATCH = YES;
				"CODE_SIGN_IDENTITY[sdk=iphoneos*]" = "iPhone Developer";
				COPY_PHASE_STRIP = NO;
				DEBUG_INFORMATION_FORMAT = dwarf;
				ENABLE_STRICT_OBJC_MSGSEND = YES;
				ENABLE_TESTABILITY = YES;
				GCC_C_LANGUAGE_STANDARD = gnu99;
				GCC_DYNAMIC_NO_PIC = NO;
				GCC_NO_COMMON_BLOCKS = YES;
				GCC_OPTIMIZATION_LEVEL = 0;
				GCC_PREPROCESSOR_DEFINITIONS = (
					"DEBUG=1",
					"$(inherited)",
				);
				GCC_WARN_64_TO_32_BIT_CONVERSION = YES;
				GCC_WARN_ABOUT_RETURN_TYPE = YES_ERROR;
				GCC_WARN_UNDECLARED_SELECTOR = YES;
				GCC_WARN_UNINITIALIZED_AUTOS = YES_AGGRESSIVE;
				GCC_WARN_UNUSED_FUNCTION = YES;
				GCC_WARN_UNUSED_VARIABLE = YES;
				IPHONEOS_DEPLOYMENT_TARGET = 10.0;
				MTL_ENABLE_DEBUG_INFO = YES;
				ONLY_ACTIVE_ARCH = YES;
				SDKROOT = iphoneos;
				SWIFT_ACTIVE_COMPILATION_CONDITIONS = DEBUG;
				SWIFT_OPTIMIZATION_LEVEL = "-Onone";
			};
			name = Debug;
		};
		84CADA041F19248F00BA89A0 /* Release */ = {
			isa = XCBuildConfiguration;
			buildSettings = {
				ALWAYS_SEARCH_USER_PATHS = NO;
				CLANG_ANALYZER_NONNULL = YES;
				CLANG_CXX_LANGUAGE_STANDARD = "gnu++0x";
				CLANG_CXX_LIBRARY = "libc++";
				CLANG_ENABLE_MODULES = YES;
				CLANG_ENABLE_OBJC_ARC = YES;
				CLANG_WARN_BOOL_CONVERSION = YES;
				CLANG_WARN_CONSTANT_CONVERSION = YES;
				CLANG_WARN_DIRECT_OBJC_ISA_USAGE = YES_ERROR;
				CLANG_WARN_DOCUMENTATION_COMMENTS = YES;
				CLANG_WARN_EMPTY_BODY = YES;
				CLANG_WARN_ENUM_CONVERSION = YES;
				CLANG_WARN_INFINITE_RECURSION = YES;
				CLANG_WARN_INT_CONVERSION = YES;
				CLANG_WARN_OBJC_ROOT_CLASS = YES_ERROR;
				CLANG_WARN_SUSPICIOUS_MOVES = YES;
				CLANG_WARN_UNREACHABLE_CODE = YES;
				CLANG_WARN__DUPLICATE_METHOD_MATCH = YES;
				"CODE_SIGN_IDENTITY[sdk=iphoneos*]" = "iPhone Developer";
				COPY_PHASE_STRIP = NO;
				DEBUG_INFORMATION_FORMAT = "dwarf-with-dsym";
				ENABLE_NS_ASSERTIONS = NO;
				ENABLE_STRICT_OBJC_MSGSEND = YES;
				GCC_C_LANGUAGE_STANDARD = gnu99;
				GCC_NO_COMMON_BLOCKS = YES;
				GCC_WARN_64_TO_32_BIT_CONVERSION = YES;
				GCC_WARN_ABOUT_RETURN_TYPE = YES_ERROR;
				GCC_WARN_UNDECLARED_SELECTOR = YES;
				GCC_WARN_UNINITIALIZED_AUTOS = YES_AGGRESSIVE;
				GCC_WARN_UNUSED_FUNCTION = YES;
				GCC_WARN_UNUSED_VARIABLE = YES;
				IPHONEOS_DEPLOYMENT_TARGET = 10.0;
				MTL_ENABLE_DEBUG_INFO = NO;
				SDKROOT = iphoneos;
				SWIFT_OPTIMIZATION_LEVEL = "-Owholemodule";
				VALIDATE_PRODUCT = YES;
			};
			name = Release;
		};
		84CADA061F19248F00BA89A0 /* Debug */ = {
			isa = XCBuildConfiguration;
			buildSettings = {
				ASSETCATALOG_COMPILER_APPICON_NAME = AppIcon;
				DEVELOPMENT_TEAM = H9Q86RXE6W;
				INFOPLIST_FILE = Metra/Info.plist;
				LD_RUNPATH_SEARCH_PATHS = "$(inherited) @executable_path/Frameworks";
				PRODUCT_BUNDLE_IDENTIFIER = com.1ight.Metra;
				PRODUCT_NAME = "$(TARGET_NAME)";
				SWIFT_VERSION = 3.0;
			};
			name = Debug;
		};
		84CADA071F19248F00BA89A0 /* Release */ = {
			isa = XCBuildConfiguration;
			buildSettings = {
				ASSETCATALOG_COMPILER_APPICON_NAME = AppIcon;
				DEVELOPMENT_TEAM = H9Q86RXE6W;
				INFOPLIST_FILE = Metra/Info.plist;
				LD_RUNPATH_SEARCH_PATHS = "$(inherited) @executable_path/Frameworks";
				PRODUCT_BUNDLE_IDENTIFIER = com.1ight.Metra;
				PRODUCT_NAME = "$(TARGET_NAME)";
				SWIFT_VERSION = 3.0;
			};
			name = Release;
		};
/* End XCBuildConfiguration section */

/* Begin XCConfigurationList section */
		84CAD9EB1F19248E00BA89A0 /* Build configuration list for PBXProject "Metra" */ = {
			isa = XCConfigurationList;
			buildConfigurations = (
				84CADA031F19248F00BA89A0 /* Debug */,
				84CADA041F19248F00BA89A0 /* Release */,
			);
			defaultConfigurationIsVisible = 0;
			defaultConfigurationName = Release;
		};
		84CADA051F19248F00BA89A0 /* Build configuration list for PBXNativeTarget "Metra" */ = {
			isa = XCConfigurationList;
			buildConfigurations = (
				84CADA061F19248F00BA89A0 /* Debug */,
				84CADA071F19248F00BA89A0 /* Release */,
			);
			defaultConfigurationIsVisible = 0;
		};
/* End XCConfigurationList section */

/* Begin XCVersionGroup section */
		84CAD9FA1F19248F00BA89A0 /* Metra.xcdatamodeld */ = {
			isa = XCVersionGroup;
			children = (
				84CAD9FB1F19248F00BA89A0 /* Metra.xcdatamodel */,
			);
			currentVersion = 84CAD9FB1F19248F00BA89A0 /* Metra.xcdatamodel */;
			path = Metra.xcdatamodeld;
			sourceTree = "<group>";
			versionGroupType = wrapper.xcdatamodel;
		};
/* End XCVersionGroup section */
	};
	rootObject = 84CAD9E81F19248E00BA89A0 /* Project object */;
}
