// !$*UTF8*$!
{
	archiveVersion = 1;
	classes = {
	};
	objectVersion = 46;
	objects = {

/* Begin PBXBuildFile section */
		84CAD9F41F19248E00BA89A0 /* AppDelegate.swift in Sources */ = {isa = PBXBuildFile; fileRef = 84CAD9F31F19248E00BA89A0 /* AppDelegate.swift */; };
		84CAD9FC1F19248F00BA89A0 /* Metra.xcdatamodeld in Sources */ = {isa = PBXBuildFile; fileRef = 84CAD9FA1F19248F00BA89A0 /* Metra.xcdatamodeld */; };
		84CAD9FE1F19248F00BA89A0 /* Assets.xcassets in Resources */ = {isa = PBXBuildFile; fileRef = 84CAD9FD1F19248F00BA89A0 /* Assets.xcassets */; };
		84CADA011F19248F00BA89A0 /* LaunchScreen.storyboard in Resources */ = {isa = PBXBuildFile; fileRef = 84CAD9FF1F19248F00BA89A0 /* LaunchScreen.storyboard */; };
		84CADA0F1F19375700BA89A0 /* SectionListTableViewController.swift in Sources */ = {isa = PBXBuildFile; fileRef = 84CADA0E1F19375700BA89A0 /* SectionListTableViewController.swift */; };
		84CADA111F19553300BA89A0 /* SectionViewController.swift in Sources */ = {isa = PBXBuildFile; fileRef = 84CADA101F19553300BA89A0 /* SectionViewController.swift */; };
		84CADA131F19558D00BA89A0 /* ImageListViewController.swift in Sources */ = {isa = PBXBuildFile; fileRef = 84CADA121F19558D00BA89A0 /* ImageListViewController.swift */; };
		84CADA151F1955AF00BA89A0 /* ImageViewController.swift in Sources */ = {isa = PBXBuildFile; fileRef = 84CADA141F1955AF00BA89A0 /* ImageViewController.swift */; };
		84CADA171F19571F00BA89A0 /* GoogleService-Info.plist in Resources */ = {isa = PBXBuildFile; fileRef = 84CADA161F19571F00BA89A0 /* GoogleService-Info.plist */; };
		84CADA191F19701A00BA89A0 /* Section.swift in Sources */ = {isa = PBXBuildFile; fileRef = 84CADA181F19701A00BA89A0 /* Section.swift */; };
		84CADA1B1F19774F00BA89A0 /* Image.swift in Sources */ = {isa = PBXBuildFile; fileRef = 84CADA1A1F19774F00BA89A0 /* Image.swift */; };
		84CADA1F1F19810600BA89A0 /* SectionCell.swift in Sources */ = {isa = PBXBuildFile; fileRef = 84CADA1E1F19810600BA89A0 /* SectionCell.swift */; };
		84CADA251F19E72E00BA89A0 /* ImageCollectionViewCell.swift in Sources */ = {isa = PBXBuildFile; fileRef = 84CADA241F19E72E00BA89A0 /* ImageCollectionViewCell.swift */; };
		84CADA281F1A5C2900BA89A0 /* Main.storyboard in Resources */ = {isa = PBXBuildFile; fileRef = 84CADA261F1A5C2900BA89A0 /* Main.storyboard */; };
		951C65707E82301D23BD37D7 /* Pods_Metra.framework in Frameworks */ = {isa = PBXBuildFile; fileRef = 9265EE1360F4384F7559FAA7 /* Pods_Metra.framework */; };
/* End PBXBuildFile section */

/* Begin PBXFileReference section */
		5EC64CE50A68C25684DBD9CE /* Pods-Metra.debug.xcconfig */ = {isa = PBXFileReference; includeInIndex = 1; lastKnownFileType = text.xcconfig; name = "Pods-Metra.debug.xcconfig"; path = "Pods/Target Support Files/Pods-Metra/Pods-Metra.debug.xcconfig"; sourceTree = "<group>"; };
		84CAD9F01F19248E00BA89A0 /* Metra.app */ = {isa = PBXFileReference; explicitFileType = wrapper.application; includeInIndex = 0; path = Metra.app; sourceTree = BUILT_PRODUCTS_DIR; };
		84CAD9F31F19248E00BA89A0 /* AppDelegate.swift */ = {isa = PBXFileReference; lastKnownFileType = sourcecode.swift; path = AppDelegate.swift; sourceTree = "<group>"; };
		84CAD9FB1F19248F00BA89A0 /* Metra.xcdatamodel */ = {isa = PBXFileReference; lastKnownFileType = wrapper.xcdatamodel; path = Metra.xcdatamodel; sourceTree = "<group>"; };
		84CAD9FD1F19248F00BA89A0 /* Assets.xcassets */ = {isa = PBXFileReference; lastKnownFileType = folder.assetcatalog; path = Assets.xcassets; sourceTree = "<group>"; };
		84CADA001F19248F00BA89A0 /* Base */ = {isa = PBXFileReference; lastKnownFileType = file.storyboard; name = Base; path = Base.lproj/LaunchScreen.storyboard; sourceTree = "<group>"; };
		84CADA021F19248F00BA89A0 /* Info.plist */ = {isa = PBXFileReference; lastKnownFileType = text.plist.xml; path = Info.plist; sourceTree = "<group>"; };
		84CADA0E1F19375700BA89A0 /* SectionListTableViewController.swift */ = {isa = PBXFileReference; fileEncoding = 4; lastKnownFileType = sourcecode.swift; path = SectionListTableViewController.swift; sourceTree = "<group>"; };
		84CADA101F19553300BA89A0 /* SectionViewController.swift */ = {isa = PBXFileReference; fileEncoding = 4; lastKnownFileType = sourcecode.swift; path = SectionViewController.swift; sourceTree = "<group>"; };
		84CADA121F19558D00BA89A0 /* ImageListViewController.swift */ = {isa = PBXFileReference; fileEncoding = 4; lastKnownFileType = sourcecode.swift; path = ImageListViewController.swift; sourceTree = "<group>"; };
		84CADA141F1955AF00BA89A0 /* ImageViewController.swift */ = {isa = PBXFileReference; fileEncoding = 4; lastKnownFileType = sourcecode.swift; path = ImageViewController.swift; sourceTree = "<group>"; };
		84CADA161F19571F00BA89A0 /* GoogleService-Info.plist */ = {isa = PBXFileReference; fileEncoding = 4; lastKnownFileType = text.plist.xml; name = "GoogleService-Info.plist"; path = "../../../Downloads/GoogleService-Info.plist"; sourceTree = "<group>"; };
		84CADA181F19701A00BA89A0 /* Section.swift */ = {isa = PBXFileReference; fileEncoding = 4; lastKnownFileType = sourcecode.swift; path = Section.swift; sourceTree = "<group>"; };
		84CADA1A1F19774F00BA89A0 /* Image.swift */ = {isa = PBXFileReference; fileEncoding = 4; lastKnownFileType = sourcecode.swift; path = Image.swift; sourceTree = "<group>"; };
		84CADA1E1F19810600BA89A0 /* SectionCell.swift */ = {isa = PBXFileReference; fileEncoding = 4; lastKnownFileType = sourcecode.swift; path = SectionCell.swift; sourceTree = "<group>"; };
		84CADA241F19E72E00BA89A0 /* ImageCollectionViewCell.swift */ = {isa = PBXFileReference; fileEncoding = 4; lastKnownFileType = sourcecode.swift; path = ImageCollectionViewCell.swift; sourceTree = "<group>"; };
		84CADA271F1A5C2900BA89A0 /* Base */ = {isa = PBXFileReference; lastKnownFileType = file.storyboard; name = Base; path = Base.lproj/Main.storyboard; sourceTree = "<group>"; };
		9265EE1360F4384F7559FAA7 /* Pods_Metra.framework */ = {isa = PBXFileReference; explicitFileType = wrapper.framework; includeInIndex = 0; path = Pods_Metra.framework; sourceTree = BUILT_PRODUCTS_DIR; };
		BABBC97D09CF738AFD9F1407 /* Pods-Metra.release.xcconfig */ = {isa = PBXFileReference; includeInIndex = 1; lastKnownFileType = text.xcconfig; name = "Pods-Metra.release.xcconfig"; path = "Pods/Target Support Files/Pods-Metra/Pods-Metra.release.xcconfig"; sourceTree = "<group>"; };
/* End PBXFileReference section */

/* Begin PBXFrameworksBuildPhase section */
		84CAD9ED1F19248E00BA89A0 /* Frameworks */ = {
			isa = PBXFrameworksBuildPhase;
			buildActionMask = 2147483647;
			files = (
				951C65707E82301D23BD37D7 /* Pods_Metra.framework in Frameworks */,
			);
			runOnlyForDeploymentPostprocessing = 0;
		};
/* End PBXFrameworksBuildPhase section */

/* Begin PBXGroup section */
		79654B03FDC9FB06DD371AE2 /* Frameworks */ = {
			isa = PBXGroup;
			children = (
				9265EE1360F4384F7559FAA7 /* Pods_Metra.framework */,
			);
			name = Frameworks;
			sourceTree = "<group>";
		};
		84CAD9E71F19248E00BA89A0 = {
			isa = PBXGroup;
			children = (
				84CAD9F21F19248E00BA89A0 /* Metra */,
				84CAD9F11F19248E00BA89A0 /* Products */,
				C8D614449FA789B9F7CF037D /* Pods */,
				79654B03FDC9FB06DD371AE2 /* Frameworks */,
			);
			sourceTree = "<group>";
		};
		84CAD9F11F19248E00BA89A0 /* Products */ = {
			isa = PBXGroup;
			children = (
				84CAD9F01F19248E00BA89A0 /* Metra.app */,
			);
			name = Products;
			sourceTree = "<group>";
		};
		84CAD9F21F19248E00BA89A0 /* Metra */ = {
			isa = PBXGroup;
			children = (
				84CADA0D1F19252300BA89A0 /* View */,
				84CADA0C1F19251A00BA89A0 /* Controller */,
				84CADA0B1F19251400BA89A0 /* Model */,
				84CADA0A1F1924F600BA89A0 /* Support File */,
				84CADA091F1924AA00BA89A0 /* Source */,
				84CADA081F19249D00BA89A0 /* Helpers */,
			);
			path = Metra;
			sourceTree = "<group>";
		};
		84CADA081F19249D00BA89A0 /* Helpers */ = {
			isa = PBXGroup;
			children = (
			);
			name = Helpers;
			sourceTree = "<group>";
		};
		84CADA091F1924AA00BA89A0 /* Source */ = {
			isa = PBXGroup;
			children = (
				84CAD9FD1F19248F00BA89A0 /* Assets.xcassets */,
			);
			name = Source;
			sourceTree = "<group>";
		};
		84CADA0A1F1924F600BA89A0 /* Support File */ = {
			isa = PBXGroup;
			children = (
				84CADA161F19571F00BA89A0 /* GoogleService-Info.plist */,
				84CAD9F31F19248E00BA89A0 /* AppDelegate.swift */,
				84CADA021F19248F00BA89A0 /* Info.plist */,
			);
			name = "Support File";
			sourceTree = "<group>";
		};
		84CADA0B1F19251400BA89A0 /* Model */ = {
			isa = PBXGroup;
			children = (
				84CAD9FA1F19248F00BA89A0 /* Metra.xcdatamodeld */,
				84CADA181F19701A00BA89A0 /* Section.swift */,
				84CADA1A1F19774F00BA89A0 /* Image.swift */,
			);
			name = Model;
			sourceTree = "<group>";
		};
		84CADA0C1F19251A00BA89A0 /* Controller */ = {
			isa = PBXGroup;
			children = (
				84CADA0E1F19375700BA89A0 /* SectionListTableViewController.swift */,
				84CADA101F19553300BA89A0 /* SectionViewController.swift */,
				84CADA121F19558D00BA89A0 /* ImageListViewController.swift */,
				84CADA141F1955AF00BA89A0 /* ImageViewController.swift */,
				84CADA1E1F19810600BA89A0 /* SectionCell.swift */,
				84CADA241F19E72E00BA89A0 /* ImageCollectionViewCell.swift */,
			);
			name = Controller;
			sourceTree = "<group>";
		};
		84CADA0D1F19252300BA89A0 /* View */ = {
			isa = PBXGroup;
			children = (
				84CADA261F1A5C2900BA89A0 /* Main.storyboard */,
				84CAD9FF1F19248F00BA89A0 /* LaunchScreen.storyboard */,
			);
			name = View;
			sourceTree = "<group>";
		};
		C8D614449FA789B9F7CF037D /* Pods */ = {
			isa = PBXGroup;
			children = (
				5EC64CE50A68C25684DBD9CE /* Pods-Metra.debug.xcconfig */,
				BABBC97D09CF738AFD9F1407 /* Pods-Metra.release.xcconfig */,
			);
			name = Pods;
			sourceTree = "<group>";
		};
/* End PBXGroup section */

/* Begin PBXNativeTarget section */
		84CAD9EF1F19248E00BA89A0 /* Metra */ = {
			isa = PBXNativeTarget;
			buildConfigurationList = 84CADA051F19248F00BA89A0 /* Build configuration list for PBXNativeTarget "Metra" */;
			buildPhases = (
				6B4351D9DAAD98AB04EEEC73 /* [CP] Check Pods Manifest.lock */,
				84CAD9EC1F19248E00BA89A0 /* Sources */,
				84CAD9ED1F19248E00BA89A0 /* Frameworks */,
				84CAD9EE1F19248E00BA89A0 /* Resources */,
				813843213C5BA39547DB5E54 /* [CP] Embed Pods Frameworks */,
				29D7EF8742343F8F4688BBBB /* [CP] Copy Pods Resources */,
			);
			buildRules = (
			);
			dependencies = (
			);
			name = Metra;
			productName = Metra;
			productReference = 84CAD9F01F19248E00BA89A0 /* Metra.app */;
			productType = "com.apple.product-type.application";
		};
/* End PBXNativeTarget section */

/* Begin PBXProject section */
		84CAD9E81F19248E00BA89A0 /* Project object */ = {
			isa = PBXProject;
			attributes = {
				LastSwiftUpdateCheck = 0800;
				LastUpgradeCheck = 0800;
				ORGANIZATIONNAME = Admin;
				TargetAttributes = {
					84CAD9EF1F19248E00BA89A0 = {
						CreatedOnToolsVersion = 8.0;
						DevelopmentTeam = H9Q86RXE6W;
						ProvisioningStyle = Automatic;
					};
				};
			};
			buildConfigurationList = 84CAD9EB1F19248E00BA89A0 /* Build configuration list for PBXProject "Metra" */;
			compatibilityVersion = "Xcode 3.2";
			developmentRegion = English;
			hasScannedForEncodings = 0;
			knownRegions = (
				en,
				Base,
			);
			mainGroup = 84CAD9E71F19248E00BA89A0;
			productRefGroup = 84CAD9F11F19248E00BA89A0 /* Products */;
			projectDirPath = "";
			projectRoot = "";
			targets = (
				84CAD9EF1F19248E00BA89A0 /* Metra */,
			);
		};
/* End PBXProject section */

/* Begin PBXResourcesBuildPhase section */
		84CAD9EE1F19248E00BA89A0 /* Resources */ = {
			isa = PBXResourcesBuildPhase;
			buildActionMask = 2147483647;
			files = (
				84CADA011F19248F00BA89A0 /* LaunchScreen.storyboard in Resources */,
				84CADA171F19571F00BA89A0 /* GoogleService-Info.plist in Resources */,
				84CAD9FE1F19248F00BA89A0 /* Assets.xcassets in Resources */,
				84CADA281F1A5C2900BA89A0 /* Main.storyboard in Resources */,
			);
			runOnlyForDeploymentPostprocessing = 0;
		};
/* End PBXResourcesBuildPhase section */

/* Begin PBXShellScriptBuildPhase section */
		29D7EF8742343F8F4688BBBB /* [CP] Copy Pods Resources */ = {
			isa = PBXShellScriptBuildPhase;
			buildActionMask = 2147483647;
			files = (
			);
			inputPaths = (
			);
			name = "[CP] Copy Pods Resources";
			outputPaths = (
			);
			runOnlyForDeploymentPostprocessing = 0;
			shellPath = /bin/sh;
			shellScript = "\"${SRCROOT}/Pods/Target Support Files/Pods-Metra/Pods-Metra-resources.sh\"\n";
			showEnvVarsInLog = 0;
		};
		6B4351D9DAAD98AB04EEEC73 /* [CP] Check Pods Manifest.lock */ = {
			isa = PBXShellScriptBuildPhase;
			buildActionMask = 2147483647;
			files = (
			);
			inputPaths = (
			);
			name = "[CP] Check Pods Manifest.lock";
			outputPaths = (
			);
			runOnlyForDeploymentPostprocessing = 0;
			shellPath = /bin/sh;
			shellScript = "diff \"${PODS_PODFILE_DIR_PATH}/Podfile.lock\" \"${PODS_ROOT}/Manifest.lock\" > /dev/null\nif [ $? != 0 ] ; then\n    # print error to STDERR\n    echo \"error: The sandbox is not in sync with the Podfile.lock. Run 'pod install' or update your CocoaPods installation.\" >&2\n    exit 1\nfi\n";
			showEnvVarsInLog = 0;
		};
		813843213C5BA39547DB5E54 /* [CP] Embed Pods Frameworks */ = {
			isa = PBXShellScriptBuildPhase;
			buildActionMask = 2147483647;
			files = (
			);
			inputPaths = (
			);
			name = "[CP] Embed Pods Frameworks";
			outputPaths = (
			);
			runOnlyForDeploymentPostprocessing = 0;
			shellPath = /bin/sh;
			shellScript = "\"${SRCROOT}/Pods/Target Support Files/Pods-Metra/Pods-Metra-frameworks.sh\"\n";
			showEnvVarsInLog = 0;
		};
/* End PBXShellScriptBuildPhase section */

/* Begin PBXSourcesBuildPhase section */
		84CAD9EC1F19248E00BA89A0 /* Sources */ = {
			isa = PBXSourcesBuildPhase;
			buildActionMask = 2147483647;
			files = (
				84CADA1F1F19810600BA89A0 /* SectionCell.swift in Sources */,
				84CADA131F19558D00BA89A0 /* ImageListViewController.swift in Sources */,
				84CADA1B1F19774F00BA89A0 /* Image.swift in Sources */,
				84CAD9FC1F19248F00BA89A0 /* Metra.xcdatamodeld in Sources */,
				84CADA0F1F19375700BA89A0 /* SectionListTableViewController.swift in Sources */,
				84CADA191F19701A00BA89A0 /* Section.swift in Sources */,
				84CADA251F19E72E00BA89A0 /* ImageCollectionViewCell.swift in Sources */,
				84CADA111F19553300BA89A0 /* SectionViewController.swift in Sources */,
				84CADA151F1955AF00BA89A0 /* ImageViewController.swift in Sources */,
				84CAD9F41F19248E00BA89A0 /* AppDelegate.swift in Sources */,
			);
			runOnlyForDeploymentPostprocessing = 0;
		};
/* End PBXSourcesBuildPhase section */

/* Begin PBXVariantGroup section */
		84CAD9FF1F19248F00BA89A0 /* LaunchScreen.storyboard */ = {
			isa = PBXVariantGroup;
			children = (
				84CADA001F19248F00BA89A0 /* Base */,
			);
			name = LaunchScreen.storyboard;
			sourceTree = "<group>";
		};
		84CADA261F1A5C2900BA89A0 /* Main.storyboard */ = {
			isa = PBXVariantGroup;
			children = (
				84CADA271F1A5C2900BA89A0 /* Base */,
			);
			name = Main.storyboard;
			sourceTree = "<group>";
		};
/* End PBXVariantGroup section */

/* Begin XCBuildConfiguration section */
		84CADA031F19248F00BA89A0 /* Debug */ = {
			isa = XCBuildConfiguration;
			buildSettings = {
				ALWAYS_SEARCH_USER_PATHS = NO;
				CLANG_ANALYZER_NONNULL = YES;
				CLANG_CXX_LANGUAGE_STANDARD = "gnu++0x";
				CLANG_CXX_LIBRARY = "libc++";
				CLANG_ENABLE_MODULES = YES;
				CLANG_ENABLE_OBJC_ARC = YES;
				CLANG_WARN_BOOL_CONVERSION = YES;
				CLANG_WARN_CONSTANT_CONVERSION = YES;
				CLANG_WARN_DIRECT_OBJC_ISA_USAGE = YES_ERROR;
				CLANG_WARN_DOCUMENTATION_COMMENTS = YES;
				CLANG_WARN_EMPTY_BODY = YES;
				CLANG_WARN_ENUM_CONVERSION = YES;
				CLANG_WARN_INFINITE_RECURSION = YES;
				CLANG_WARN_INT_CONVERSION = YES;
				CLANG_WARN_OBJC_ROOT_CLASS = YES_ERROR;
				CLANG_WARN_SUSPICIOUS_MOVES = YES;
				CLANG_WARN_UNREACHABLE_CODE = YES;
				CLANG_WARN__DUPLICATE_METHOD_MATCH = YES;
				"CODE_SIGN_IDENTITY[sdk=iphoneos*]" = "iPhone Developer";
				COPY_PHASE_STRIP = NO;
				DEBUG_INFORMATION_FORMAT = dwarf;
				ENABLE_STRICT_OBJC_MSGSEND = YES;
				ENABLE_TESTABILITY = YES;
				GCC_C_LANGUAGE_STANDARD = gnu99;
				GCC_DYNAMIC_NO_PIC = NO;
				GCC_NO_COMMON_BLOCKS = YES;
				GCC_OPTIMIZATION_LEVEL = 0;
				GCC_PREPROCESSOR_DEFINITIONS = (
					"DEBUG=1",
					"$(inherited)",
				);
				GCC_WARN_64_TO_32_BIT_CONVERSION = YES;
				GCC_WARN_ABOUT_RETURN_TYPE = YES_ERROR;
				GCC_WARN_UNDECLARED_SELECTOR = YES;
				GCC_WARN_UNINITIALIZED_AUTOS = YES_AGGRESSIVE;
				GCC_WARN_UNUSED_FUNCTION = YES;
				GCC_WARN_UNUSED_VARIABLE = YES;
				IPHONEOS_DEPLOYMENT_TARGET = 10.0;
				MTL_ENABLE_DEBUG_INFO = YES;
				ONLY_ACTIVE_ARCH = YES;
				SDKROOT = iphoneos;
				SWIFT_ACTIVE_COMPILATION_CONDITIONS = DEBUG;
				SWIFT_OPTIMIZATION_LEVEL = "-Onone";
			};
			name = Debug;
		};
		84CADA041F19248F00BA89A0 /* Release */ = {
			isa = XCBuildConfiguration;
			buildSettings = {
				ALWAYS_SEARCH_USER_PATHS = NO;
				CLANG_ANALYZER_NONNULL = YES;
				CLANG_CXX_LANGUAGE_STANDARD = "gnu++0x";
				CLANG_CXX_LIBRARY = "libc++";
				CLANG_ENABLE_MODULES = YES;
				CLANG_ENABLE_OBJC_ARC = YES;
				CLANG_WARN_BOOL_CONVERSION = YES;
				CLANG_WARN_CONSTANT_CONVERSION = YES;
				CLANG_WARN_DIRECT_OBJC_ISA_USAGE = YES_ERROR;
				CLANG_WARN_DOCUMENTATION_COMMENTS = YES;
				CLANG_WARN_EMPTY_BODY = YES;
				CLANG_WARN_ENUM_CONVERSION = YES;
				CLANG_WARN_INFINITE_RECURSION = YES;
				CLANG_WARN_INT_CONVERSION = YES;
				CLANG_WARN_OBJC_ROOT_CLASS = YES_ERROR;
				CLANG_WARN_SUSPICIOUS_MOVES = YES;
				CLANG_WARN_UNREACHABLE_CODE = YES;
				CLANG_WARN__DUPLICATE_METHOD_MATCH = YES;
				"CODE_SIGN_IDENTITY[sdk=iphoneos*]" = "iPhone Developer";
				COPY_PHASE_STRIP = NO;
				DEBUG_INFORMATION_FORMAT = "dwarf-with-dsym";
				ENABLE_NS_ASSERTIONS = NO;
				ENABLE_STRICT_OBJC_MSGSEND = YES;
				GCC_C_LANGUAGE_STANDARD = gnu99;
				GCC_NO_COMMON_BLOCKS = YES;
				GCC_WARN_64_TO_32_BIT_CONVERSION = YES;
				GCC_WARN_ABOUT_RETURN_TYPE = YES_ERROR;
				GCC_WARN_UNDECLARED_SELECTOR = YES;
				GCC_WARN_UNINITIALIZED_AUTOS = YES_AGGRESSIVE;
				GCC_WARN_UNUSED_FUNCTION = YES;
				GCC_WARN_UNUSED_VARIABLE = YES;
				IPHONEOS_DEPLOYMENT_TARGET = 10.0;
				MTL_ENABLE_DEBUG_INFO = NO;
				SDKROOT = iphoneos;
				SWIFT_OPTIMIZATION_LEVEL = "-Owholemodule";
				VALIDATE_PRODUCT = YES;
			};
			name = Release;
		};
		84CADA061F19248F00BA89A0 /* Debug */ = {
			isa = XCBuildConfiguration;
			baseConfigurationReference = 5EC64CE50A68C25684DBD9CE /* Pods-Metra.debug.xcconfig */;
			buildSettings = {
				ASSETCATALOG_COMPILER_APPICON_NAME = AppIcon;
				DEVELOPMENT_TEAM = H9Q86RXE6W;
				INFOPLIST_FILE = Metra/Info.plist;
				LD_RUNPATH_SEARCH_PATHS = "$(inherited) @executable_path/Frameworks";
				PRODUCT_BUNDLE_IDENTIFIER = com.1ight.Metra;
				PRODUCT_NAME = "$(TARGET_NAME)";
				SWIFT_VERSION = 3.0;
			};
			name = Debug;
		};
		84CADA071F19248F00BA89A0 /* Release */ = {
			isa = XCBuildConfiguration;
			baseConfigurationReference = BABBC97D09CF738AFD9F1407 /* Pods-Metra.release.xcconfig */;
			buildSettings = {
				ASSETCATALOG_COMPILER_APPICON_NAME = AppIcon;
				DEVELOPMENT_TEAM = H9Q86RXE6W;
				INFOPLIST_FILE = Metra/Info.plist;
				LD_RUNPATH_SEARCH_PATHS = "$(inherited) @executable_path/Frameworks";
				PRODUCT_BUNDLE_IDENTIFIER = com.1ight.Metra;
				PRODUCT_NAME = "$(TARGET_NAME)";
				SWIFT_VERSION = 3.0;
			};
			name = Release;
		};
/* End XCBuildConfiguration section */

/* Begin XCConfigurationList section */
		84CAD9EB1F19248E00BA89A0 /* Build configuration list for PBXProject "Metra" */ = {
			isa = XCConfigurationList;
			buildConfigurations = (
				84CADA031F19248F00BA89A0 /* Debug */,
				84CADA041F19248F00BA89A0 /* Release */,
			);
			defaultConfigurationIsVisible = 0;
			defaultConfigurationName = Release;
		};
		84CADA051F19248F00BA89A0 /* Build configuration list for PBXNativeTarget "Metra" */ = {
			isa = XCConfigurationList;
			buildConfigurations = (
				84CADA061F19248F00BA89A0 /* Debug */,
				84CADA071F19248F00BA89A0 /* Release */,
			);
			defaultConfigurationIsVisible = 0;
			defaultConfigurationName = Release;
		};
/* End XCConfigurationList section */

/* Begin XCVersionGroup section */
		84CAD9FA1F19248F00BA89A0 /* Metra.xcdatamodeld */ = {
			isa = XCVersionGroup;
			children = (
				84CAD9FB1F19248F00BA89A0 /* Metra.xcdatamodel */,
			);
			currentVersion = 84CAD9FB1F19248F00BA89A0 /* Metra.xcdatamodel */;
			path = Metra.xcdatamodeld;
			sourceTree = "<group>";
			versionGroupType = wrapper.xcdatamodel;
		};
/* End XCVersionGroup section */
	};
	rootObject = 84CAD9E81F19248E00BA89A0 /* Project object */;
}
